// !$*UTF8*$!
{
	archiveVersion = 1;
	classes = {
	};
	objectVersion = 46;
	objects = {

/* Begin PBXBuildFile section */
		259F63A91C11976C005BB009 /* SDL2.framework in Frameworks */ = {isa = PBXBuildFile; fileRef = 259F63A81C11976C005BB009 /* SDL2.framework */; settings = {ASSET_TAGS = (); }; };
		25B7C2AF212DA75200A42D04 /* main.cpp in Sources */ = {isa = PBXBuildFile; fileRef = 25B7C2AE212DA75200A42D04 /* main.cpp */; settings = {ASSET_TAGS = (); }; };
		25B7C2B4212E6F7C00A42D04 /* i2c.cpp in Sources */ = {isa = PBXBuildFile; fileRef = 25B7C2B2212E6F7C00A42D04 /* i2c.cpp */; settings = {ASSET_TAGS = (); }; };
		25B7C2BC212E714700A42D04 /* Serial.cpp in Sources */ = {isa = PBXBuildFile; fileRef = 25B7C2BA212E714700A42D04 /* Serial.cpp */; settings = {ASSET_TAGS = (); }; };
		25B7C2C9212E729C00A42D04 /* tilemap_dungeon_8x8.cpp in Sources */ = {isa = PBXBuildFile; fileRef = 25B7C2C3212E729C00A42D04 /* tilemap_dungeon_8x8.cpp */; settings = {ASSET_TAGS = (); }; };
		25B7C2CD213E414800A42D04 /* TileMap.cpp in Sources */ = {isa = PBXBuildFile; fileRef = 25B7C2CB213E414800A42D04 /* TileMap.cpp */; settings = {ASSET_TAGS = (); }; };
		25B7C2D0213EC52B00A42D04 /* TileBank.cpp in Sources */ = {isa = PBXBuildFile; fileRef = 25B7C2CE213EC52B00A42D04 /* TileBank.cpp */; settings = {ASSET_TAGS = (); }; };
/* End PBXBuildFile section */

/* Begin PBXCopyFilesBuildPhase section */
		25B714C71C08BA9100CE757F /* CopyFiles */ = {
			isa = PBXCopyFilesBuildPhase;
			buildActionMask = 2147483647;
			dstPath = /usr/share/man/man1/;
			dstSubfolderSpec = 0;
			files = (
			);
			runOnlyForDeploymentPostprocessing = 1;
		};
/* End PBXCopyFilesBuildPhase section */

/* Begin PBXFileReference section */
		259F63A81C11976C005BB009 /* SDL2.framework */ = {isa = PBXFileReference; lastKnownFileType = wrapper.framework; name = SDL2.framework; path = /Library/Frameworks/SDL2.framework; sourceTree = "<group>"; };
		25B714C91C08BA9100CE757F /* sh1106_simulator */ = {isa = PBXFileReference; explicitFileType = "compiled.mach-o.executable"; includeInIndex = 0; path = sh1106_simulator; sourceTree = BUILT_PRODUCTS_DIR; };
		25B7C2AE212DA75200A42D04 /* main.cpp */ = {isa = PBXFileReference; fileEncoding = 4; lastKnownFileType = sourcecode.cpp.cpp; path = main.cpp; sourceTree = "<group>"; };
		25B7C2B0212DA83E00A42D04 /* display_test_i2c.ino */ = {isa = PBXFileReference; lastKnownFileType = text; name = display_test_i2c.ino; path = ../display_test_i2c/display_test_i2c.ino; sourceTree = "<group>"; };
		25B7C2B2212E6F7C00A42D04 /* i2c.cpp */ = {isa = PBXFileReference; fileEncoding = 4; lastKnownFileType = sourcecode.cpp.cpp; path = i2c.cpp; sourceTree = "<group>"; };
		25B7C2B3212E6F7C00A42D04 /* i2c.h */ = {isa = PBXFileReference; fileEncoding = 4; lastKnownFileType = sourcecode.c.h; path = i2c.h; sourceTree = "<group>"; };
		25B7C2B7212E70C100A42D04 /* pgmspace.h */ = {isa = PBXFileReference; lastKnownFileType = sourcecode.c.h; path = pgmspace.h; sourceTree = "<group>"; };
		25B7C2B9212E70C100A42D04 /* twi.h */ = {isa = PBXFileReference; lastKnownFileType = sourcecode.c.h; path = twi.h; sourceTree = "<group>"; };
		25B7C2BA212E714700A42D04 /* Serial.cpp */ = {isa = PBXFileReference; fileEncoding = 4; lastKnownFileType = sourcecode.cpp.cpp; path = Serial.cpp; sourceTree = "<group>"; };
		25B7C2BB212E714700A42D04 /* Serial.h */ = {isa = PBXFileReference; fileEncoding = 4; lastKnownFileType = sourcecode.c.h; path = Serial.h; sourceTree = "<group>"; };
		25B7C2C3212E729C00A42D04 /* tilemap_dungeon_8x8.cpp */ = {isa = PBXFileReference; fileEncoding = 4; lastKnownFileType = sourcecode.cpp.cpp; name = tilemap_dungeon_8x8.cpp; path = ../display_test_i2c/tilemap_dungeon_8x8.cpp; sourceTree = "<group>"; };
		25B7C2CA212FC18200A42D04 /* sh1106_shared.h */ = {isa = PBXFileReference; lastKnownFileType = sourcecode.c.h; name = sh1106_shared.h; path = ../display_test_i2c/sh1106_shared.h; sourceTree = "<group>"; };
		25B7C2CB213E414800A42D04 /* TileMap.cpp */ = {isa = PBXFileReference; fileEncoding = 4; lastKnownFileType = sourcecode.cpp.cpp; name = TileMap.cpp; path = ../display_test_i2c/TileMap.cpp; sourceTree = "<group>"; };
		25B7C2CC213E414800A42D04 /* TileMap.h */ = {isa = PBXFileReference; fileEncoding = 4; lastKnownFileType = sourcecode.c.h; name = TileMap.h; path = ../display_test_i2c/TileMap.h; sourceTree = "<group>"; };
		25B7C2CE213EC52B00A42D04 /* TileBank.cpp */ = {isa = PBXFileReference; fileEncoding = 4; lastKnownFileType = sourcecode.cpp.cpp; name = TileBank.cpp; path = ../display_test_i2c/TileBank.cpp; sourceTree = "<group>"; };
		25B7C2CF213EC52B00A42D04 /* TileBank.h */ = {isa = PBXFileReference; fileEncoding = 4; lastKnownFileType = sourcecode.c.h; name = TileBank.h; path = ../display_test_i2c/TileBank.h; sourceTree = "<group>"; };
/* End PBXFileReference section */

/* Begin PBXFrameworksBuildPhase section */
		25B714C61C08BA9100CE757F /* Frameworks */ = {
			isa = PBXFrameworksBuildPhase;
			buildActionMask = 2147483647;
			files = (
				259F63A91C11976C005BB009 /* SDL2.framework in Frameworks */,
			);
			runOnlyForDeploymentPostprocessing = 0;
		};
/* End PBXFrameworksBuildPhase section */

/* Begin PBXGroup section */
		2549CDDD1C10476A009E8088 /* MacOSX */ = {
			isa = PBXGroup;
			children = (
				25B7C2BD212E729100A42D04 /* sketch */,
				25B7C2AE212DA75200A42D04 /* main.cpp */,
				25B7C2B2212E6F7C00A42D04 /* i2c.cpp */,
				25B7C2B3212E6F7C00A42D04 /* i2c.h */,
				25B7C2B5212E70C100A42D04 /* arduino */,
			);
			name = MacOSX;
			sourceTree = "<group>";
		};
		25B714C01C08BA9100CE757F = {
			isa = PBXGroup;
			children = (
				2549CDDD1C10476A009E8088 /* MacOSX */,
				25B714CA1C08BA9100CE757F /* Products */,
				259F63A81C11976C005BB009 /* SDL2.framework */,
			);
			sourceTree = "<group>";
		};
		25B714CA1C08BA9100CE757F /* Products */ = {
			isa = PBXGroup;
			children = (
				25B714C91C08BA9100CE757F /* sh1106_simulator */,
			);
			name = Products;
			sourceTree = "<group>";
		};
		25B7C2B5212E70C100A42D04 /* arduino */ = {
			isa = PBXGroup;
			children = (
				25B7C2B6212E70C100A42D04 /* avr */,
				25B7C2B8212E70C100A42D04 /* util */,
				25B7C2BA212E714700A42D04 /* Serial.cpp */,
				25B7C2BB212E714700A42D04 /* Serial.h */,
			);
			path = arduino;
			sourceTree = "<group>";
		};
		25B7C2B6212E70C100A42D04 /* avr */ = {
			isa = PBXGroup;
			children = (
				25B7C2B7212E70C100A42D04 /* pgmspace.h */,
			);
			path = avr;
			sourceTree = "<group>";
		};
		25B7C2B8212E70C100A42D04 /* util */ = {
			isa = PBXGroup;
			children = (
				25B7C2B9212E70C100A42D04 /* twi.h */,
			);
			path = util;
			sourceTree = "<group>";
		};
		25B7C2BD212E729100A42D04 /* sketch */ = {
			isa = PBXGroup;
			children = (
				25B7C2B0212DA83E00A42D04 /* display_test_i2c.ino */,
				25B7C2CA212FC18200A42D04 /* sh1106_shared.h */,
				25B7C2C3212E729C00A42D04 /* tilemap_dungeon_8x8.cpp */,
				25B7C2CB213E414800A42D04 /* TileMap.cpp */,
				25B7C2CC213E414800A42D04 /* TileMap.h */,
				25B7C2CE213EC52B00A42D04 /* TileBank.cpp */,
				25B7C2CF213EC52B00A42D04 /* TileBank.h */,
			);
			name = sketch;
			sourceTree = "<group>";
		};
/* End PBXGroup section */

/* Begin PBXNativeTarget section */
		25B714C81C08BA9100CE757F /* sh1106_simulator */ = {
			isa = PBXNativeTarget;
			buildConfigurationList = 25B714D01C08BA9100CE757F /* Build configuration list for PBXNativeTarget "sh1106_simulator" */;
			buildPhases = (
				25B714C51C08BA9100CE757F /* Sources */,
				25B714C61C08BA9100CE757F /* Frameworks */,
				25B714C71C08BA9100CE757F /* CopyFiles */,
			);
			buildRules = (
			);
			dependencies = (
			);
			name = sh1106_simulator;
			productName = TinyRacer;
			productReference = 25B714C91C08BA9100CE757F /* sh1106_simulator */;
			productType = "com.apple.product-type.tool";
		};
/* End PBXNativeTarget section */

/* Begin PBXProject section */
		25B714C11C08BA9100CE757F /* Project object */ = {
			isa = PBXProject;
			attributes = {
				LastUpgradeCheck = 0700;
				ORGANIZATIONNAME = "Magnus Runesson";
				TargetAttributes = {
					25B714C81C08BA9100CE757F = {
						CreatedOnToolsVersion = 7.0.1;
					};
				};
			};
			buildConfigurationList = 25B714C41C08BA9100CE757F /* Build configuration list for PBXProject "sh1106_simulator" */;
			compatibilityVersion = "Xcode 3.2";
			developmentRegion = English;
			hasScannedForEncodings = 0;
			knownRegions = (
				en,
			);
			mainGroup = 25B714C01C08BA9100CE757F;
			productRefGroup = 25B714CA1C08BA9100CE757F /* Products */;
			projectDirPath = "";
			projectRoot = "";
			targets = (
				25B714C81C08BA9100CE757F /* sh1106_simulator */,
			);
		};
/* End PBXProject section */

/* Begin PBXSourcesBuildPhase section */
		25B714C51C08BA9100CE757F /* Sources */ = {
			isa = PBXSourcesBuildPhase;
			buildActionMask = 2147483647;
			files = (
				25B7C2BC212E714700A42D04 /* Serial.cpp in Sources */,
				25B7C2D0213EC52B00A42D04 /* TileBank.cpp in Sources */,
				25B7C2B4212E6F7C00A42D04 /* i2c.cpp in Sources */,
				25B7C2AF212DA75200A42D04 /* main.cpp in Sources */,
				25B7C2CD213E414800A42D04 /* TileMap.cpp in Sources */,
				25B7C2C9212E729C00A42D04 /* tilemap_dungeon_8x8.cpp in Sources */,
			);
			runOnlyForDeploymentPostprocessing = 0;
		};
/* End PBXSourcesBuildPhase section */

/* Begin XCBuildConfiguration section */
		25B714CE1C08BA9100CE757F /* Debug */ = {
			isa = XCBuildConfiguration;
			buildSettings = {
				ALWAYS_SEARCH_USER_PATHS = NO;
				CLANG_CXX_LANGUAGE_STANDARD = "gnu++0x";
				CLANG_CXX_LIBRARY = "libc++";
				CLANG_ENABLE_MODULES = YES;
				CLANG_ENABLE_OBJC_ARC = YES;
				CLANG_WARN_BOOL_CONVERSION = YES;
				CLANG_WARN_CONSTANT_CONVERSION = YES;
				CLANG_WARN_DIRECT_OBJC_ISA_USAGE = YES_ERROR;
				CLANG_WARN_EMPTY_BODY = YES;
				CLANG_WARN_ENUM_CONVERSION = YES;
				CLANG_WARN_INT_CONVERSION = YES;
				CLANG_WARN_OBJC_ROOT_CLASS = YES_ERROR;
				CLANG_WARN_UNREACHABLE_CODE = YES;
				CLANG_WARN__DUPLICATE_METHOD_MATCH = YES;
				COPY_PHASE_STRIP = NO;
				DEBUG_INFORMATION_FORMAT = dwarf;
				ENABLE_STRICT_OBJC_MSGSEND = YES;
				ENABLE_TESTABILITY = YES;
				GCC_C_LANGUAGE_STANDARD = gnu99;
				GCC_DYNAMIC_NO_PIC = NO;
				GCC_NO_COMMON_BLOCKS = YES;
				GCC_OPTIMIZATION_LEVEL = 0;
				GCC_PREPROCESSOR_DEFINITIONS = (
					"DEBUG=1",
					"$(inherited)",
				);
				GCC_WARN_64_TO_32_BIT_CONVERSION = YES;
				GCC_WARN_ABOUT_RETURN_TYPE = YES_ERROR;
				GCC_WARN_UNDECLARED_SELECTOR = YES;
				GCC_WARN_UNINITIALIZED_AUTOS = YES_AGGRESSIVE;
				GCC_WARN_UNUSED_FUNCTION = YES;
				GCC_WARN_UNUSED_VARIABLE = YES;
				MACOSX_DEPLOYMENT_TARGET = 10.10;
				MTL_ENABLE_DEBUG_INFO = YES;
				ONLY_ACTIVE_ARCH = YES;
				SDKROOT = macosx;
			};
			name = Debug;
		};
		25B714CF1C08BA9100CE757F /* Release */ = {
			isa = XCBuildConfiguration;
			buildSettings = {
				ALWAYS_SEARCH_USER_PATHS = NO;
				CLANG_CXX_LANGUAGE_STANDARD = "gnu++0x";
				CLANG_CXX_LIBRARY = "libc++";
				CLANG_ENABLE_MODULES = YES;
				CLANG_ENABLE_OBJC_ARC = YES;
				CLANG_WARN_BOOL_CONVERSION = YES;
				CLANG_WARN_CONSTANT_CONVERSION = YES;
				CLANG_WARN_DIRECT_OBJC_ISA_USAGE = YES_ERROR;
				CLANG_WARN_EMPTY_BODY = YES;
				CLANG_WARN_ENUM_CONVERSION = YES;
				CLANG_WARN_INT_CONVERSION = YES;
				CLANG_WARN_OBJC_ROOT_CLASS = YES_ERROR;
				CLANG_WARN_UNREACHABLE_CODE = YES;
				CLANG_WARN__DUPLICATE_METHOD_MATCH = YES;
				COPY_PHASE_STRIP = NO;
				DEBUG_INFORMATION_FORMAT = "dwarf-with-dsym";
				ENABLE_NS_ASSERTIONS = NO;
				ENABLE_STRICT_OBJC_MSGSEND = YES;
				GCC_C_LANGUAGE_STANDARD = gnu99;
				GCC_NO_COMMON_BLOCKS = YES;
				GCC_WARN_64_TO_32_BIT_CONVERSION = YES;
				GCC_WARN_ABOUT_RETURN_TYPE = YES_ERROR;
				GCC_WARN_UNDECLARED_SELECTOR = YES;
				GCC_WARN_UNINITIALIZED_AUTOS = YES_AGGRESSIVE;
				GCC_WARN_UNUSED_FUNCTION = YES;
				GCC_WARN_UNUSED_VARIABLE = YES;
				MACOSX_DEPLOYMENT_TARGET = 10.10;
				MTL_ENABLE_DEBUG_INFO = NO;
				SDKROOT = macosx;
			};
			name = Release;
		};
		25B714D11C08BA9100CE757F /* Debug */ = {
			isa = XCBuildConfiguration;
			buildSettings = {
				ALWAYS_SEARCH_USER_PATHS = YES;
				FRAMEWORK_SEARCH_PATHS = (
					"$(inherited)",
					"$(LOCAL_LIBRARY_DIR)/Frameworks",
				);
				GCC_USE_STANDARD_INCLUDE_SEARCHING = YES;
				HEADER_SEARCH_PATHS = "./arduino/**";
				PRODUCT_NAME = sh1106_simulator;
			};
			name = Debug;
		};
		25B714D21C08BA9100CE757F /* Release */ = {
			isa = XCBuildConfiguration;
			buildSettings = {
				ALWAYS_SEARCH_USER_PATHS = YES;
				FRAMEWORK_SEARCH_PATHS = (
					"$(inherited)",
					"$(LOCAL_LIBRARY_DIR)/Frameworks",
				);
				GCC_USE_STANDARD_INCLUDE_SEARCHING = YES;
				HEADER_SEARCH_PATHS = "./arduino/**";
				PRODUCT_NAME = sh1106_simulator;
			};
			name = Release;
		};
/* End XCBuildConfiguration section */

/* Begin XCConfigurationList section */
		25B714C41C08BA9100CE757F /* Build configuration list for PBXProject "sh1106_simulator" */ = {
			isa = XCConfigurationList;
			buildConfigurations = (
				25B714CE1C08BA9100CE757F /* Debug */,
				25B714CF1C08BA9100CE757F /* Release */,
			);
			defaultConfigurationIsVisible = 0;
			defaultConfigurationName = Release;
		};
		25B714D01C08BA9100CE757F /* Build configuration list for PBXNativeTarget "sh1106_simulator" */ = {
			isa = XCConfigurationList;
			buildConfigurations = (
				25B714D11C08BA9100CE757F /* Debug */,
				25B714D21C08BA9100CE757F /* Release */,
			);
			defaultConfigurationIsVisible = 0;
			defaultConfigurationName = Release;
		};
/* End XCConfigurationList section */
	};
	rootObject = 25B714C11C08BA9100CE757F /* Project object */;
}
